{
  "name": "@nikonov-alex/components.v2",
  "version": "0.0.1",
  "lockfileVersion": 3,
  "requires": true,
  "packages": {
    "": {
      "name": "@nikonov-alex/components.v2",
      "version": "0.0.1",
      "license": "MIT",
      "dependencies": {
        "morphdom": "^2.7.0"
      }
    },
    "node_modules/morphdom": {
      "version": "2.7.1",
      "resolved": "https://registry.npmjs.org/morphdom/-/morphdom-2.7.1.tgz",
      "integrity": "sha512-LwrrjplMolniWtOGluKF1EHZ0y78Fa4sq7f/MXCydyNkDof+POf+ruCn+k08l7H7b/JISfRo8Zd0HazuqySY9w=="
    }
  }
}
